// !$*UTF8*$!
{
	archiveVersion = 1;
	classes = {
	};
	objectVersion = 46;
	objects = {

/* Begin PBXBuildFile section */
		74DB5F6C1D6D2E86004ABCFE /* Stroke.png in Resources */ = {isa = PBXBuildFile; fileRef = 74DB5F6B1D6D2E86004ABCFE /* Stroke.png */; };
		74FE41481D2D6D4E00DDE54D /* AppDelegate.swift in Sources */ = {isa = PBXBuildFile; fileRef = 74FE41471D2D6D4E00DDE54D /* AppDelegate.swift */; };
		74FE414A1D2D6D4E00DDE54D /* ViewController.swift in Sources */ = {isa = PBXBuildFile; fileRef = 74FE41491D2D6D4E00DDE54D /* ViewController.swift */; };
		74FE414D1D2D6D4E00DDE54D /* Main.storyboard in Resources */ = {isa = PBXBuildFile; fileRef = 74FE414B1D2D6D4E00DDE54D /* Main.storyboard */; };
		74FE414F1D2D6D4E00DDE54D /* Assets.xcassets in Resources */ = {isa = PBXBuildFile; fileRef = 74FE414E1D2D6D4E00DDE54D /* Assets.xcassets */; };
		74FE41521D2D6D4E00DDE54D /* LaunchScreen.storyboard in Resources */ = {isa = PBXBuildFile; fileRef = 74FE41501D2D6D4E00DDE54D /* LaunchScreen.storyboard */; };
/* End PBXBuildFile section */

/* Begin PBXFileReference section */
		74DB5F6B1D6D2E86004ABCFE /* Stroke.png */ = {isa = PBXFileReference; lastKnownFileType = image.png; path = Stroke.png; sourceTree = "<group>"; };
		74FE41441D2D6D4E00DDE54D /* BMI Index Calculator.app */ = {isa = PBXFileReference; explicitFileType = wrapper.application; includeInIndex = 0; path = "BMI Index Calculator.app"; sourceTree = BUILT_PRODUCTS_DIR; };
		74FE41471D2D6D4E00DDE54D /* AppDelegate.swift */ = {isa = PBXFileReference; lastKnownFileType = sourcecode.swift; path = AppDelegate.swift; sourceTree = "<group>"; };
		74FE41491D2D6D4E00DDE54D /* ViewController.swift */ = {isa = PBXFileReference; lastKnownFileType = sourcecode.swift; path = ViewController.swift; sourceTree = "<group>"; };
		74FE414C1D2D6D4E00DDE54D /* Base */ = {isa = PBXFileReference; lastKnownFileType = file.storyboard; name = Base; path = Base.lproj/Main.storyboard; sourceTree = "<group>"; };
		74FE414E1D2D6D4E00DDE54D /* Assets.xcassets */ = {isa = PBXFileReference; lastKnownFileType = folder.assetcatalog; path = Assets.xcassets; sourceTree = "<group>"; };
		74FE41511D2D6D4E00DDE54D /* Base */ = {isa = PBXFileReference; lastKnownFileType = file.storyboard; name = Base; path = Base.lproj/LaunchScreen.storyboard; sourceTree = "<group>"; };
		74FE41531D2D6D4E00DDE54D /* Info.plist */ = {isa = PBXFileReference; lastKnownFileType = text.plist.xml; path = Info.plist; sourceTree = "<group>"; };
/* End PBXFileReference section */

/* Begin PBXFrameworksBuildPhase section */
		74FE41411D2D6D4E00DDE54D /* Frameworks */ = {
			isa = PBXFrameworksBuildPhase;
			buildActionMask = 2147483647;
			files = (
			);
			runOnlyForDeploymentPostprocessing = 0;
		};
/* End PBXFrameworksBuildPhase section */

/* Begin PBXGroup section */
		74FE413B1D2D6D4E00DDE54D = {
			isa = PBXGroup;
			children = (
				74FE41461D2D6D4E00DDE54D /* BMI Index Calculator */,
				74FE41451D2D6D4E00DDE54D /* Products */,
			);
			sourceTree = "<group>";
		};
		74FE41451D2D6D4E00DDE54D /* Products */ = {
			isa = PBXGroup;
			children = (
				74FE41441D2D6D4E00DDE54D /* BMI Index Calculator.app */,
			);
			name = Products;
			sourceTree = "<group>";
		};
		74FE41461D2D6D4E00DDE54D /* BMI Index Calculator */ = {
			isa = PBXGroup;
			children = (
				74FE41471D2D6D4E00DDE54D /* AppDelegate.swift */,
				74FE41491D2D6D4E00DDE54D /* ViewController.swift */,
				74FE414B1D2D6D4E00DDE54D /* Main.storyboard */,
				74FE414E1D2D6D4E00DDE54D /* Assets.xcassets */,
				74FE41591D2DACFB00DDE54D /* images */,
				74FE41501D2D6D4E00DDE54D /* LaunchScreen.storyboard */,
				74FE41531D2D6D4E00DDE54D /* Info.plist */,
			);
			path = "BMI Index Calculator";
			sourceTree = "<group>";
		};
		74FE41591D2DACFB00DDE54D /* images */ = {
			isa = PBXGroup;
			children = (
				74DB5F6B1D6D2E86004ABCFE /* Stroke.png */,
			);
			name = images;
			sourceTree = "<group>";
		};
/* End PBXGroup section */

/* Begin PBXNativeTarget section */
		74FE41431D2D6D4E00DDE54D /* BMI Index Calculator */ = {
			isa = PBXNativeTarget;
			buildConfigurationList = 74FE41561D2D6D4E00DDE54D /* Build configuration list for PBXNativeTarget "BMI Index Calculator" */;
			buildPhases = (
				74FE41401D2D6D4E00DDE54D /* Sources */,
				74FE41411D2D6D4E00DDE54D /* Frameworks */,
				74FE41421D2D6D4E00DDE54D /* Resources */,
			);
			buildRules = (
			);
			dependencies = (
			);
			name = "BMI Index Calculator";
			productName = "BMI Index Calculator";
			productReference = 74FE41441D2D6D4E00DDE54D /* BMI Index Calculator.app */;
			productType = "com.apple.product-type.application";
		};
/* End PBXNativeTarget section */

/* Begin PBXProject section */
		74FE413C1D2D6D4E00DDE54D /* Project object */ = {
			isa = PBXProject;
			attributes = {
				LastSwiftUpdateCheck = 0730;
				LastUpgradeCheck = 0730;
				ORGANIZATIONNAME = Nurzhan;
				TargetAttributes = {
					74FE41431D2D6D4E00DDE54D = {
						CreatedOnToolsVersion = 7.3.1;
						DevelopmentTeam = 985ZFPSWV3;
					};
				};
			};
			buildConfigurationList = 74FE413F1D2D6D4E00DDE54D /* Build configuration list for PBXProject "BMI Index Calculator" */;
			compatibilityVersion = "Xcode 3.2";
			developmentRegion = English;
			hasScannedForEncodings = 0;
			knownRegions = (
				en,
				Base,
			);
			mainGroup = 74FE413B1D2D6D4E00DDE54D;
			productRefGroup = 74FE41451D2D6D4E00DDE54D /* Products */;
			projectDirPath = "";
			projectRoot = "";
			targets = (
				74FE41431D2D6D4E00DDE54D /* BMI Index Calculator */,
			);
		};
/* End PBXProject section */

/* Begin PBXResourcesBuildPhase section */
		74FE41421D2D6D4E00DDE54D /* Resources */ = {
			isa = PBXResourcesBuildPhase;
			buildActionMask = 2147483647;
			files = (
				74FE41521D2D6D4E00DDE54D /* LaunchScreen.storyboard in Resources */,
				74DB5F6C1D6D2E86004ABCFE /* Stroke.png in Resources */,
				74FE414F1D2D6D4E00DDE54D /* Assets.xcassets in Resources */,
				74FE414D1D2D6D4E00DDE54D /* Main.storyboard in Resources */,
			);
			runOnlyForDeploymentPostprocessing = 0;
		};
/* End PBXResourcesBuildPhase section */

/* Begin PBXSourcesBuildPhase section */
		74FE41401D2D6D4E00DDE54D /* Sources */ = {
			isa = PBXSourcesBuildPhase;
			buildActionMask = 2147483647;
			files = (
				74FE414A1D2D6D4E00DDE54D /* ViewController.swift in Sources */,
				74FE41481D2D6D4E00DDE54D /* AppDelegate.swift in Sources */,
			);
			runOnlyForDeploymentPostprocessing = 0;
		};
/* End PBXSourcesBuildPhase section */

/* Begin PBXVariantGroup section */
		74FE414B1D2D6D4E00DDE54D /* Main.storyboard */ = {
			isa = PBXVariantGroup;
			children = (
				74FE414C1D2D6D4E00DDE54D /* Base */,
			);
			name = Main.storyboard;
			sourceTree = "<group>";
		};
		74FE41501D2D6D4E00DDE54D /* LaunchScreen.storyboard */ = {
			isa = PBXVariantGroup;
			children = (
				74FE41511D2D6D4E00DDE54D /* Base */,
			);
			name = LaunchScreen.storyboard;
			sourceTree = "<group>";
		};
/* End PBXVariantGroup section */

/* Begin XCBuildConfiguration section */
		74FE41541D2D6D4E00DDE54D /* Debug */ = {
			isa = XCBuildConfiguration;
			buildSettings = {
				ALWAYS_SEARCH_USER_PATHS = NO;
				CLANG_ANALYZER_NONNULL = YES;
				CLANG_CXX_LANGUAGE_STANDARD = "gnu++0x";
				CLANG_CXX_LIBRARY = "libc++";
				CLANG_ENABLE_MODULES = YES;
				CLANG_ENABLE_OBJC_ARC = YES;
				CLANG_WARN_BOOL_CONVERSION = YES;
				CLANG_WARN_CONSTANT_CONVERSION = YES;
				CLANG_WARN_DIRECT_OBJC_ISA_USAGE = YES_ERROR;
				CLANG_WARN_EMPTY_BODY = YES;
				CLANG_WARN_ENUM_CONVERSION = YES;
				CLANG_WARN_INT_CONVERSION = YES;
				CLANG_WARN_OBJC_ROOT_CLASS = YES_ERROR;
				CLANG_WARN_UNREACHABLE_CODE = YES;
				CLANG_WARN__DUPLICATE_METHOD_MATCH = YES;
				"CODE_SIGN_IDENTITY[sdk=iphoneos*]" = "iPhone Developer";
				COPY_PHASE_STRIP = NO;
				DEBUG_INFORMATION_FORMAT = dwarf;
				ENABLE_STRICT_OBJC_MSGSEND = YES;
				ENABLE_TESTABILITY = YES;
				GCC_C_LANGUAGE_STANDARD = gnu99;
				GCC_DYNAMIC_NO_PIC = NO;
				GCC_NO_COMMON_BLOCKS = YES;
				GCC_OPTIMIZATION_LEVEL = 0;
				GCC_PREPROCESSOR_DEFINITIONS = (
					"DEBUG=1",
					"$(inherited)",
				);
				GCC_WARN_64_TO_32_BIT_CONVERSION = YES;
				GCC_WARN_ABOUT_RETURN_TYPE = YES_ERROR;
				GCC_WARN_UNDECLARED_SELECTOR = YES;
				GCC_WARN_UNINITIALIZED_AUTOS = YES_AGGRESSIVE;
				GCC_WARN_UNUSED_FUNCTION = YES;
				GCC_WARN_UNUSED_VARIABLE = YES;
				IPHONEOS_DEPLOYMENT_TARGET = 9.3;
				MTL_ENABLE_DEBUG_INFO = YES;
				ONLY_ACTIVE_ARCH = YES;
				SDKROOT = iphoneos;
				SWIFT_OPTIMIZATION_LEVEL = "-Onone";
			};
			name = Debug;
		};
		74FE41551D2D6D4E00DDE54D /* Release */ = {
			isa = XCBuildConfiguration;
			buildSettings = {
				ALWAYS_SEARCH_USER_PATHS = NO;
				CLANG_ANALYZER_NONNULL = YES;
				CLANG_CXX_LANGUAGE_STANDARD = "gnu++0x";
				CLANG_CXX_LIBRARY = "libc++";
				CLANG_ENABLE_MODULES = YES;
				CLANG_ENABLE_OBJC_ARC = YES;
				CLANG_WARN_BOOL_CONVERSION = YES;
				CLANG_WARN_CONSTANT_CONVERSION = YES;
				CLANG_WARN_DIRECT_OBJC_ISA_USAGE = YES_ERROR;
				CLANG_WARN_EMPTY_BODY = YES;
				CLANG_WARN_ENUM_CONVERSION = YES;
				CLANG_WARN_INT_CONVERSION = YES;
				CLANG_WARN_OBJC_ROOT_CLASS = YES_ERROR;
				CLANG_WARN_UNREACHABLE_CODE = YES;
				CLANG_WARN__DUPLICATE_METHOD_MATCH = YES;
				"CODE_SIGN_IDENTITY[sdk=iphoneos*]" = "iPhone Developer";
				COPY_PHASE_STRIP = NO;
				DEBUG_INFORMATION_FORMAT = "dwarf-with-dsym";
				ENABLE_NS_ASSERTIONS = NO;
				ENABLE_STRICT_OBJC_MSGSEND = YES;
				GCC_C_LANGUAGE_STANDARD = gnu99;
				GCC_NO_COMMON_BLOCKS = YES;
				GCC_WARN_64_TO_32_BIT_CONVERSION = YES;
				GCC_WARN_ABOUT_RETURN_TYPE = YES_ERROR;
				GCC_WARN_UNDECLARED_SELECTOR = YES;
				GCC_WARN_UNINITIALIZED_AUTOS = YES_AGGRESSIVE;
				GCC_WARN_UNUSED_FUNCTION = YES;
				GCC_WARN_UNUSED_VARIABLE = YES;
				IPHONEOS_DEPLOYMENT_TARGET = 9.3;
				MTL_ENABLE_DEBUG_INFO = NO;
				SDKROOT = iphoneos;
				VALIDATE_PRODUCT = YES;
			};
			name = Release;
		};
		74FE41571D2D6D4E00DDE54D /* Debug */ = {
			isa = XCBuildConfiguration;
			buildSettings = {
				ASSETCATALOG_COMPILER_APPICON_NAME = AppIcon;
				CODE_SIGN_IDENTITY = "iPhone Developer";
				"CODE_SIGN_IDENTITY[sdk=iphoneos*]" = "iPhone Developer";
				INFOPLIST_FILE = "BMI Index Calculator/Info.plist";
				LD_RUNPATH_SEARCH_PATHS = "$(inherited) @executable_path/Frameworks";
				PRODUCT_BUNDLE_IDENTIFIER = "me.nurzhan.BMI-Index-Calculator";
				PRODUCT_NAME = "$(TARGET_NAME)";
				PROVISIONING_PROFILE = "";
			};
			name = Debug;
		};
		74FE41581D2D6D4E00DDE54D /* Release */ = {
			isa = XCBuildConfiguration;
			buildSettings = {
				ASSETCATALOG_COMPILER_APPICON_NAME = AppIcon;
				CODE_SIGN_IDENTITY = "iPhone Developer";
				"CODE_SIGN_IDENTITY[sdk=iphoneos*]" = "iPhone Developer";
				INFOPLIST_FILE = "BMI Index Calculator/Info.plist";
				LD_RUNPATH_SEARCH_PATHS = "$(inherited) @executable_path/Frameworks";
				PRODUCT_BUNDLE_IDENTIFIER = "me.nurzhan.BMI-Index-Calculator";
				PRODUCT_NAME = "$(TARGET_NAME)";
				PROVISIONING_PROFILE = "";
			};
			name = Release;
		};
/* End XCBuildConfiguration section */

/* Begin XCConfigurationList section */
		74FE413F1D2D6D4E00DDE54D /* Build configuration list for PBXProject "BMI Index Calculator" */ = {
			isa = XCConfigurationList;
			buildConfigurations = (
				74FE41541D2D6D4E00DDE54D /* Debug */,
				74FE41551D2D6D4E00DDE54D /* Release */,
			);
			defaultConfigurationIsVisible = 0;
			defaultConfigurationName = Release;
		};
		74FE41561D2D6D4E00DDE54D /* Build configuration list for PBXNativeTarget "BMI Index Calculator" */ = {
			isa = XCConfigurationList;
			buildConfigurations = (
				74FE41571D2D6D4E00DDE54D /* Debug */,
				74FE41581D2D6D4E00DDE54D /* Release */,
			);
			defaultConfigurationIsVisible = 0;
			defaultConfigurationName = Release;
		};
/* End XCConfigurationList section */
	};
	rootObject = 74FE413C1D2D6D4E00DDE54D /* Project object */;
}
